// !$*UTF8*$!
{
	archiveVersion = 1;
	classes = {
	};
	objectVersion = 56;
	objects = {

/* Begin PBXBuildFile section */
		F319520F2CF5AA0C009F3D77 /* AppDelegate.swift in Sources */ = {isa = PBXBuildFile; fileRef = F319520E2CF5AA0C009F3D77 /* AppDelegate.swift */; };
		F31952112CF5AA0C009F3D77 /* SceneDelegate.swift in Sources */ = {isa = PBXBuildFile; fileRef = F31952102CF5AA0C009F3D77 /* SceneDelegate.swift */; };
		F31952132CF5AA0C009F3D77 /* SplashViewController.swift in Sources */ = {isa = PBXBuildFile; fileRef = F31952122CF5AA0C009F3D77 /* SplashViewController.swift */; };
		F31952182CF5AA0E009F3D77 /* Assets.xcassets in Resources */ = {isa = PBXBuildFile; fileRef = F31952172CF5AA0E009F3D77 /* Assets.xcassets */; };
		F319521B2CF5AA0E009F3D77 /* LaunchScreen.storyboard in Resources */ = {isa = PBXBuildFile; fileRef = F31952192CF5AA0E009F3D77 /* LaunchScreen.storyboard */; };
		F341E2B72D1D279400472D44 /* Tracker.xcdatamodeld in Sources */ = {isa = PBXBuildFile; fileRef = F341E2B52D1D279400472D44 /* Tracker.xcdatamodeld */; };
		F341E2BA2D1D28C000472D44 /* WeekDayTransformer.swift in Sources */ = {isa = PBXBuildFile; fileRef = F341E2B92D1D28C000472D44 /* WeekDayTransformer.swift */; };
		F342C7082D13148D00F2149C /* ScheduleTableViewCell.swift in Sources */ = {isa = PBXBuildFile; fileRef = F342C7072D13148D00F2149C /* ScheduleTableViewCell.swift */; };
		F342D6C02D31052B00572BA7 /* TrackerCoreData+CoreDataClass.swift in Sources */ = {isa = PBXBuildFile; fileRef = F342D6BC2D31052B00572BA7 /* TrackerCoreData+CoreDataClass.swift */; };
		F342D6C12D31052B00572BA7 /* TrackerCoreData+CoreDataProperties.swift in Sources */ = {isa = PBXBuildFile; fileRef = F342D6BD2D31052B00572BA7 /* TrackerCoreData+CoreDataProperties.swift */; };
		F342D6C22D31052B00572BA7 /* TrackerCategoryCoreData+CoreDataClass.swift in Sources */ = {isa = PBXBuildFile; fileRef = F342D6BE2D31052B00572BA7 /* TrackerCategoryCoreData+CoreDataClass.swift */; };
		F342D6C32D31052B00572BA7 /* TrackerCategoryCoreData+CoreDataProperties.swift in Sources */ = {isa = PBXBuildFile; fileRef = F342D6BF2D31052B00572BA7 /* TrackerCategoryCoreData+CoreDataProperties.swift */; };
		F352C2B32D0F0324003D94F8 /* SelectTrackerTypeViewController.swift in Sources */ = {isa = PBXBuildFile; fileRef = F352C2B22D0F0324003D94F8 /* SelectTrackerTypeViewController.swift */; };
		F36A489E2D0976C4008DBDD6 /* SupplementaryView.swift in Sources */ = {isa = PBXBuildFile; fileRef = F36A489D2D0976C4008DBDD6 /* SupplementaryView.swift */; };
		F375D9E82CF87CBD00D19B7F /* TrackersViewController.swift in Sources */ = {isa = PBXBuildFile; fileRef = F375D9E72CF87CBD00D19B7F /* TrackersViewController.swift */; };
		F375D9EB2CF8A04500D19B7F /* SF-Pro.ttf in Resources */ = {isa = PBXBuildFile; fileRef = F375D9EA2CF8A03E00D19B7F /* SF-Pro.ttf */; };
		F375D9EE2CF8A0A000D19B7F /* Date+String.swift in Sources */ = {isa = PBXBuildFile; fileRef = F375D9ED2CF8A0A000D19B7F /* Date+String.swift */; };
		F37FA9512D06CC19004EEC83 /* TrackerCollectionViewCell.swift in Sources */ = {isa = PBXBuildFile; fileRef = F37FA9502D06CC19004EEC83 /* TrackerCollectionViewCell.swift */; };
		F381ED5D2D3532E90074455F /* TrackerRecordCoreData+CoreDataClass.swift in Sources */ = {isa = PBXBuildFile; fileRef = F381ED5B2D3532E90074455F /* TrackerRecordCoreData+CoreDataClass.swift */; };
		F381ED5E2D3532E90074455F /* TrackerRecordCoreData+CoreDataProperties.swift in Sources */ = {isa = PBXBuildFile; fileRef = F381ED5C2D3532E90074455F /* TrackerRecordCoreData+CoreDataProperties.swift */; };
		F38ACA992CFB3CC3009A9753 /* TabBarController.swift in Sources */ = {isa = PBXBuildFile; fileRef = F38ACA982CFB3CC3009A9753 /* TabBarController.swift */; };
		F38ACA9B2CFB3D46009A9753 /* StatisticsViewController.swift in Sources */ = {isa = PBXBuildFile; fileRef = F38ACA9A2CFB3D46009A9753 /* StatisticsViewController.swift */; };
		F38EA4252D37BF2E0026A762 /* CoreDataManager.swift in Sources */ = {isa = PBXBuildFile; fileRef = F38EA4242D37BF2E0026A762 /* CoreDataManager.swift */; };
		F3900D962D241C3C00925786 /* TrackerStore.swift in Sources */ = {isa = PBXBuildFile; fileRef = F3900D952D241C3C00925786 /* TrackerStore.swift */; };
		F3900D982D241C4C00925786 /* TrackerCategoryStore.swift in Sources */ = {isa = PBXBuildFile; fileRef = F3900D972D241C4C00925786 /* TrackerCategoryStore.swift */; };
		F3900D9A2D241C5900925786 /* TrackerRecordStore.swift in Sources */ = {isa = PBXBuildFile; fileRef = F3900D992D241C5900925786 /* TrackerRecordStore.swift */; };
		F399A1952D2F9B5500EDBCBC /* UIColor+Hex.swift in Sources */ = {isa = PBXBuildFile; fileRef = F399A1942D2F9B5500EDBCBC /* UIColor+Hex.swift */; };
		F39C8D2B2D3CFE3500B89486 /* TrackerCategoryTableViewCell.swift in Sources */ = {isa = PBXBuildFile; fileRef = F39C8D2A2D3CFE3500B89486 /* TrackerCategoryTableViewCell.swift */; };
		F39FFE882D10551400503140 /* CreateTrackerViewController.swift in Sources */ = {isa = PBXBuildFile; fileRef = F39FFE872D10551400503140 /* CreateTrackerViewController.swift */; };
		F3A4443E2D3A3E14005F4C03 /* OnboardingPageViewController.swift in Sources */ = {isa = PBXBuildFile; fileRef = F3A4443D2D3A3E14005F4C03 /* OnboardingPageViewController.swift */; };
		F3A444402D3A3E3E005F4C03 /* OnboardingContentViewController.swift in Sources */ = {isa = PBXBuildFile; fileRef = F3A4443F2D3A3E3D005F4C03 /* OnboardingContentViewController.swift */; };
		F3B0CDD82D1A9E84001F4DD4 /* ColorCollectionViewCell.swift in Sources */ = {isa = PBXBuildFile; fileRef = F3B0CDD72D1A9E84001F4DD4 /* ColorCollectionViewCell.swift */; };
		F3B0CDDA2D1A9E98001F4DD4 /* EmojiCollectionViewCell.swift in Sources */ = {isa = PBXBuildFile; fileRef = F3B0CDD92D1A9E98001F4DD4 /* EmojiCollectionViewCell.swift */; };
		F3B75D8E2D3BD42700AF52F5 /* EmptyView.swift in Sources */ = {isa = PBXBuildFile; fileRef = F3B75D8D2D3BD42700AF52F5 /* EmptyView.swift */; };
		F3D2CC692D11A3F500A65920 /* ScheduleViewController.swift in Sources */ = {isa = PBXBuildFile; fileRef = F3D2CC682D11A3F500A65920 /* ScheduleViewController.swift */; };
		F3D3D8F52D3BBAA1007BCD1A /* TrackerCategoriesViewController.swift in Sources */ = {isa = PBXBuildFile; fileRef = F3D3D8F42D3BBAA1007BCD1A /* TrackerCategoriesViewController.swift */; };
		F3DF95002D0069F10060DD1E /* Tracker.swift in Sources */ = {isa = PBXBuildFile; fileRef = F3DF94FF2D0069F10060DD1E /* Tracker.swift */; };
		F3DF95022D006B0F0060DD1E /* TrackerCategory.swift in Sources */ = {isa = PBXBuildFile; fileRef = F3DF95012D006B0F0060DD1E /* TrackerCategory.swift */; };
		F3DF95042D006B5B0060DD1E /* TrackerRecord.swift in Sources */ = {isa = PBXBuildFile; fileRef = F3DF95032D006B5B0060DD1E /* TrackerRecord.swift */; };
		F3EE84382D3E198B008C2618 /* Binding.swift in Sources */ = {isa = PBXBuildFile; fileRef = F3EE84372D3E198B008C2618 /* Binding.swift */; };
/* End PBXBuildFile section */

/* Begin PBXFileReference section */
		F319520B2CF5AA0C009F3D77 /* Tracker.app */ = {isa = PBXFileReference; explicitFileType = wrapper.application; includeInIndex = 0; path = Tracker.app; sourceTree = BUILT_PRODUCTS_DIR; };
		F319520E2CF5AA0C009F3D77 /* AppDelegate.swift */ = {isa = PBXFileReference; lastKnownFileType = sourcecode.swift; path = AppDelegate.swift; sourceTree = "<group>"; };
		F31952102CF5AA0C009F3D77 /* SceneDelegate.swift */ = {isa = PBXFileReference; lastKnownFileType = sourcecode.swift; path = SceneDelegate.swift; sourceTree = "<group>"; };
		F31952122CF5AA0C009F3D77 /* SplashViewController.swift */ = {isa = PBXFileReference; lastKnownFileType = sourcecode.swift; path = SplashViewController.swift; sourceTree = "<group>"; };
		F31952172CF5AA0E009F3D77 /* Assets.xcassets */ = {isa = PBXFileReference; lastKnownFileType = folder.assetcatalog; path = Assets.xcassets; sourceTree = "<group>"; };
		F319521A2CF5AA0E009F3D77 /* Base */ = {isa = PBXFileReference; lastKnownFileType = file.storyboard; name = Base; path = Base.lproj/LaunchScreen.storyboard; sourceTree = "<group>"; };
		F319521C2CF5AA0E009F3D77 /* Info.plist */ = {isa = PBXFileReference; lastKnownFileType = text.plist.xml; path = Info.plist; sourceTree = "<group>"; };
		F341E2B62D1D279400472D44 /* Tracker.xcdatamodel */ = {isa = PBXFileReference; lastKnownFileType = wrapper.xcdatamodel; path = Tracker.xcdatamodel; sourceTree = "<group>"; };
		F341E2B92D1D28C000472D44 /* WeekDayTransformer.swift */ = {isa = PBXFileReference; lastKnownFileType = sourcecode.swift; path = WeekDayTransformer.swift; sourceTree = "<group>"; };
		F342C7072D13148D00F2149C /* ScheduleTableViewCell.swift */ = {isa = PBXFileReference; lastKnownFileType = sourcecode.swift; path = ScheduleTableViewCell.swift; sourceTree = "<group>"; };
		F342D6BC2D31052B00572BA7 /* TrackerCoreData+CoreDataClass.swift */ = {isa = PBXFileReference; lastKnownFileType = sourcecode.swift; path = "TrackerCoreData+CoreDataClass.swift"; sourceTree = "<group>"; };
		F342D6BD2D31052B00572BA7 /* TrackerCoreData+CoreDataProperties.swift */ = {isa = PBXFileReference; lastKnownFileType = sourcecode.swift; path = "TrackerCoreData+CoreDataProperties.swift"; sourceTree = "<group>"; };
		F342D6BE2D31052B00572BA7 /* TrackerCategoryCoreData+CoreDataClass.swift */ = {isa = PBXFileReference; lastKnownFileType = sourcecode.swift; path = "TrackerCategoryCoreData+CoreDataClass.swift"; sourceTree = "<group>"; };
		F342D6BF2D31052B00572BA7 /* TrackerCategoryCoreData+CoreDataProperties.swift */ = {isa = PBXFileReference; lastKnownFileType = sourcecode.swift; path = "TrackerCategoryCoreData+CoreDataProperties.swift"; sourceTree = "<group>"; };
		F352C2B22D0F0324003D94F8 /* SelectTrackerTypeViewController.swift */ = {isa = PBXFileReference; lastKnownFileType = sourcecode.swift; path = SelectTrackerTypeViewController.swift; sourceTree = "<group>"; };
		F36A489D2D0976C4008DBDD6 /* SupplementaryView.swift */ = {isa = PBXFileReference; lastKnownFileType = sourcecode.swift; path = SupplementaryView.swift; sourceTree = "<group>"; };
		F375D9E72CF87CBD00D19B7F /* TrackersViewController.swift */ = {isa = PBXFileReference; fileEncoding = 4; lastKnownFileType = sourcecode.swift; path = TrackersViewController.swift; sourceTree = "<group>"; };
		F375D9EA2CF8A03E00D19B7F /* SF-Pro.ttf */ = {isa = PBXFileReference; lastKnownFileType = file; path = "SF-Pro.ttf"; sourceTree = "<group>"; };
		F375D9ED2CF8A0A000D19B7F /* Date+String.swift */ = {isa = PBXFileReference; lastKnownFileType = sourcecode.swift; path = "Date+String.swift"; sourceTree = "<group>"; };
		F37FA9502D06CC19004EEC83 /* TrackerCollectionViewCell.swift */ = {isa = PBXFileReference; lastKnownFileType = sourcecode.swift; path = TrackerCollectionViewCell.swift; sourceTree = "<group>"; };
		F381ED5B2D3532E90074455F /* TrackerRecordCoreData+CoreDataClass.swift */ = {isa = PBXFileReference; lastKnownFileType = sourcecode.swift; path = "TrackerRecordCoreData+CoreDataClass.swift"; sourceTree = "<group>"; };
		F381ED5C2D3532E90074455F /* TrackerRecordCoreData+CoreDataProperties.swift */ = {isa = PBXFileReference; lastKnownFileType = sourcecode.swift; path = "TrackerRecordCoreData+CoreDataProperties.swift"; sourceTree = "<group>"; };
		F38ACA982CFB3CC3009A9753 /* TabBarController.swift */ = {isa = PBXFileReference; lastKnownFileType = sourcecode.swift; path = TabBarController.swift; sourceTree = "<group>"; };
		F38ACA9A2CFB3D46009A9753 /* StatisticsViewController.swift */ = {isa = PBXFileReference; lastKnownFileType = sourcecode.swift; path = StatisticsViewController.swift; sourceTree = "<group>"; };
		F38EA4242D37BF2E0026A762 /* CoreDataManager.swift */ = {isa = PBXFileReference; lastKnownFileType = sourcecode.swift; path = CoreDataManager.swift; sourceTree = "<group>"; };
		F3900D952D241C3C00925786 /* TrackerStore.swift */ = {isa = PBXFileReference; lastKnownFileType = sourcecode.swift; path = TrackerStore.swift; sourceTree = "<group>"; };
		F3900D972D241C4C00925786 /* TrackerCategoryStore.swift */ = {isa = PBXFileReference; lastKnownFileType = sourcecode.swift; path = TrackerCategoryStore.swift; sourceTree = "<group>"; };
		F3900D992D241C5900925786 /* TrackerRecordStore.swift */ = {isa = PBXFileReference; lastKnownFileType = sourcecode.swift; path = TrackerRecordStore.swift; sourceTree = "<group>"; };
		F399A1942D2F9B5500EDBCBC /* UIColor+Hex.swift */ = {isa = PBXFileReference; lastKnownFileType = sourcecode.swift; path = "UIColor+Hex.swift"; sourceTree = "<group>"; };
		F39C8D2A2D3CFE3500B89486 /* TrackerCategoryTableViewCell.swift */ = {isa = PBXFileReference; lastKnownFileType = sourcecode.swift; path = TrackerCategoryTableViewCell.swift; sourceTree = "<group>"; };
		F39FFE872D10551400503140 /* CreateTrackerViewController.swift */ = {isa = PBXFileReference; lastKnownFileType = sourcecode.swift; path = CreateTrackerViewController.swift; sourceTree = "<group>"; };
		F3A4443D2D3A3E14005F4C03 /* OnboardingPageViewController.swift */ = {isa = PBXFileReference; lastKnownFileType = sourcecode.swift; path = OnboardingPageViewController.swift; sourceTree = "<group>"; };
		F3A4443F2D3A3E3D005F4C03 /* OnboardingContentViewController.swift */ = {isa = PBXFileReference; lastKnownFileType = sourcecode.swift; path = OnboardingContentViewController.swift; sourceTree = "<group>"; };
		F3B0CDD72D1A9E84001F4DD4 /* ColorCollectionViewCell.swift */ = {isa = PBXFileReference; lastKnownFileType = sourcecode.swift; path = ColorCollectionViewCell.swift; sourceTree = "<group>"; };
		F3B0CDD92D1A9E98001F4DD4 /* EmojiCollectionViewCell.swift */ = {isa = PBXFileReference; lastKnownFileType = sourcecode.swift; path = EmojiCollectionViewCell.swift; sourceTree = "<group>"; };
		F3B75D8D2D3BD42700AF52F5 /* EmptyView.swift */ = {isa = PBXFileReference; lastKnownFileType = sourcecode.swift; path = EmptyView.swift; sourceTree = "<group>"; };
		F3D2CC682D11A3F500A65920 /* ScheduleViewController.swift */ = {isa = PBXFileReference; lastKnownFileType = sourcecode.swift; path = ScheduleViewController.swift; sourceTree = "<group>"; };
		F3D3D8F42D3BBAA1007BCD1A /* TrackerCategoriesViewController.swift */ = {isa = PBXFileReference; lastKnownFileType = sourcecode.swift; path = TrackerCategoriesViewController.swift; sourceTree = "<group>"; };
		F3DF94FF2D0069F10060DD1E /* Tracker.swift */ = {isa = PBXFileReference; lastKnownFileType = sourcecode.swift; path = Tracker.swift; sourceTree = "<group>"; };
		F3DF95012D006B0F0060DD1E /* TrackerCategory.swift */ = {isa = PBXFileReference; lastKnownFileType = sourcecode.swift; path = TrackerCategory.swift; sourceTree = "<group>"; };
		F3DF95032D006B5B0060DD1E /* TrackerRecord.swift */ = {isa = PBXFileReference; lastKnownFileType = sourcecode.swift; path = TrackerRecord.swift; sourceTree = "<group>"; };
		F3EE84372D3E198B008C2618 /* Binding.swift */ = {isa = PBXFileReference; lastKnownFileType = sourcecode.swift; path = Binding.swift; sourceTree = "<group>"; };
/* End PBXFileReference section */

/* Begin PBXFrameworksBuildPhase section */
		F31952082CF5AA0C009F3D77 /* Frameworks */ = {
			isa = PBXFrameworksBuildPhase;
			buildActionMask = 2147483647;
			files = (
			);
			runOnlyForDeploymentPostprocessing = 0;
		};
/* End PBXFrameworksBuildPhase section */

/* Begin PBXGroup section */
		F31952022CF5AA0C009F3D77 = {
			isa = PBXGroup;
			children = (
				F319520D2CF5AA0C009F3D77 /* Tracker */,
				F319520C2CF5AA0C009F3D77 /* Products */,
			);
			sourceTree = "<group>";
		};
		F319520C2CF5AA0C009F3D77 /* Products */ = {
			isa = PBXGroup;
			children = (
				F319520B2CF5AA0C009F3D77 /* Tracker.app */,
			);
			name = Products;
			sourceTree = "<group>";
		};
		F319520D2CF5AA0C009F3D77 /* Tracker */ = {
			isa = PBXGroup;
			children = (
				F3D3D8F02D3BB90E007BCD1A /* Model */,
				F3D3D8F12D3BB959007BCD1A /* View */,
				F3D3D8F22D3BB999007BCD1A /* ViewModel */,
				F3A4443C2D3A3BE8005F4C03 /* Onboarding */,
				F341E2B82D1D28A200472D44 /* CoreData */,
				F375D9EC2CF8A08E00D19B7F /* Extensions */,
				F319520E2CF5AA0C009F3D77 /* AppDelegate.swift */,
				F31952102CF5AA0C009F3D77 /* SceneDelegate.swift */,
				F38ACA982CFB3CC3009A9753 /* TabBarController.swift */,
				F375D9EA2CF8A03E00D19B7F /* SF-Pro.ttf */,
				F31952172CF5AA0E009F3D77 /* Assets.xcassets */,
				F31952192CF5AA0E009F3D77 /* LaunchScreen.storyboard */,
				F319521C2CF5AA0E009F3D77 /* Info.plist */,
			);
			path = Tracker;
			sourceTree = "<group>";
		};
		F341E2B82D1D28A200472D44 /* CoreData */ = {
			isa = PBXGroup;
			children = (
				F341E2B52D1D279400472D44 /* Tracker.xcdatamodeld */,
				F341E2B92D1D28C000472D44 /* WeekDayTransformer.swift */,
				F3900D952D241C3C00925786 /* TrackerStore.swift */,
				F3900D972D241C4C00925786 /* TrackerCategoryStore.swift */,
				F3900D992D241C5900925786 /* TrackerRecordStore.swift */,
				F342D6BC2D31052B00572BA7 /* TrackerCoreData+CoreDataClass.swift */,
				F342D6BD2D31052B00572BA7 /* TrackerCoreData+CoreDataProperties.swift */,
				F342D6BE2D31052B00572BA7 /* TrackerCategoryCoreData+CoreDataClass.swift */,
				F342D6BF2D31052B00572BA7 /* TrackerCategoryCoreData+CoreDataProperties.swift */,
				F381ED5B2D3532E90074455F /* TrackerRecordCoreData+CoreDataClass.swift */,
				F381ED5C2D3532E90074455F /* TrackerRecordCoreData+CoreDataProperties.swift */,
				F38EA4242D37BF2E0026A762 /* CoreDataManager.swift */,
			);
			path = CoreData;
			sourceTree = "<group>";
		};
		F375D9E62CF87C8800D19B7F /* Trackers */ = {
			isa = PBXGroup;
			children = (
				F375D9E72CF87CBD00D19B7F /* TrackersViewController.swift */,
				F37FA9502D06CC19004EEC83 /* TrackerCollectionViewCell.swift */,
				F36A489D2D0976C4008DBDD6 /* SupplementaryView.swift */,
			);
			path = Trackers;
			sourceTree = "<group>";
		};
		F375D9EC2CF8A08E00D19B7F /* Extensions */ = {
			isa = PBXGroup;
			children = (
				F375D9ED2CF8A0A000D19B7F /* Date+String.swift */,
				F399A1942D2F9B5500EDBCBC /* UIColor+Hex.swift */,
			);
			path = Extensions;
			sourceTree = "<group>";
		};
		F38ACA9C2CFB3D4A009A9753 /* Statistics */ = {
			isa = PBXGroup;
			children = (
				F38ACA9A2CFB3D46009A9753 /* StatisticsViewController.swift */,
			);
			path = Statistics;
			sourceTree = "<group>";
		};
		F39FFE862D10550000503140 /* Tracker */ = {
			isa = PBXGroup;
			children = (
				F352C2B22D0F0324003D94F8 /* SelectTrackerTypeViewController.swift */,
				F39FFE872D10551400503140 /* CreateTrackerViewController.swift */,
				F3B0CDD92D1A9E98001F4DD4 /* EmojiCollectionViewCell.swift */,
				F3B0CDD72D1A9E84001F4DD4 /* ColorCollectionViewCell.swift */,
			);
			path = Tracker;
			sourceTree = "<group>";
		};
		F3A4443C2D3A3BE8005F4C03 /* Onboarding */ = {
			isa = PBXGroup;
			children = (
				F3A4443D2D3A3E14005F4C03 /* OnboardingPageViewController.swift */,
				F3A4443F2D3A3E3D005F4C03 /* OnboardingContentViewController.swift */,
			);
			path = Onboarding;
			sourceTree = "<group>";
		};
		F3D2CC672D11A3DD00A65920 /* Schedule */ = {
			isa = PBXGroup;
			children = (
				F3D2CC682D11A3F500A65920 /* ScheduleViewController.swift */,
				F342C7072D13148D00F2149C /* ScheduleTableViewCell.swift */,
			);
			path = Schedule;
			sourceTree = "<group>";
		};
		F3D3D8EF2D3BB6C2007BCD1A /* Category */ = {
			isa = PBXGroup;
			children = (
				F3D3D8F42D3BBAA1007BCD1A /* TrackerCategoriesViewController.swift */,
				F39C8D2A2D3CFE3500B89486 /* TrackerCategoryTableViewCell.swift */,
			);
			path = Category;
			sourceTree = "<group>";
		};
		F3D3D8F02D3BB90E007BCD1A /* Model */ = {
			isa = PBXGroup;
			children = (
				F3DF94FF2D0069F10060DD1E /* Tracker.swift */,
				F3DF95012D006B0F0060DD1E /* TrackerCategory.swift */,
				F3DF95032D006B5B0060DD1E /* TrackerRecord.swift */,
			);
			path = Model;
			sourceTree = "<group>";
		};
		F3D3D8F12D3BB959007BCD1A /* View */ = {
			isa = PBXGroup;
			children = (
				F3D3D8EF2D3BB6C2007BCD1A /* Category */,
				F38ACA9C2CFB3D4A009A9753 /* Statistics */,
				F375D9E62CF87C8800D19B7F /* Trackers */,
				F39FFE862D10550000503140 /* Tracker */,
				F3D2CC672D11A3DD00A65920 /* Schedule */,
				F3DC95C72CF5F32300FF7CCE /* Splash */,
				F3B75D8D2D3BD42700AF52F5 /* EmptyView.swift */,
			);
			path = View;
			sourceTree = "<group>";
		};
		F3D3D8F22D3BB999007BCD1A /* ViewModel */ = {
			isa = PBXGroup;
			children = (
				F3D3D8F32D3BB9CE007BCD1A /* Category */,
				F3EE84372D3E198B008C2618 /* Binding.swift */,
			);
			path = ViewModel;
			sourceTree = "<group>";
		};
		F3D3D8F32D3BB9CE007BCD1A /* Category */ = {
			isa = PBXGroup;
			children = (
			);
			path = Category;
			sourceTree = "<group>";
		};
		F3DC95C72CF5F32300FF7CCE /* Splash */ = {
			isa = PBXGroup;
			children = (
				F31952122CF5AA0C009F3D77 /* SplashViewController.swift */,
			);
			path = Splash;
			sourceTree = "<group>";
		};
/* End PBXGroup section */

/* Begin PBXNativeTarget section */
		F319520A2CF5AA0C009F3D77 /* Tracker */ = {
			isa = PBXNativeTarget;
			buildConfigurationList = F319521F2CF5AA0E009F3D77 /* Build configuration list for PBXNativeTarget "Tracker" */;
			buildPhases = (
				F31952072CF5AA0C009F3D77 /* Sources */,
				F31952082CF5AA0C009F3D77 /* Frameworks */,
				F31952092CF5AA0C009F3D77 /* Resources */,
			);
			buildRules = (
			);
			dependencies = (
			);
			name = Tracker;
			productName = Tracker;
			productReference = F319520B2CF5AA0C009F3D77 /* Tracker.app */;
			productType = "com.apple.product-type.application";
		};
/* End PBXNativeTarget section */

/* Begin PBXProject section */
		F31952032CF5AA0C009F3D77 /* Project object */ = {
			isa = PBXProject;
			attributes = {
				BuildIndependentTargetsInParallel = 1;
				LastSwiftUpdateCheck = 1420;
				LastUpgradeCheck = 1420;
				TargetAttributes = {
					F319520A2CF5AA0C009F3D77 = {
						CreatedOnToolsVersion = 14.2;
					};
				};
			};
			buildConfigurationList = F31952062CF5AA0C009F3D77 /* Build configuration list for PBXProject "Tracker" */;
			compatibilityVersion = "Xcode 14.0";
			developmentRegion = en;
			hasScannedForEncodings = 0;
			knownRegions = (
				en,
				Base,
			);
			mainGroup = F31952022CF5AA0C009F3D77;
			productRefGroup = F319520C2CF5AA0C009F3D77 /* Products */;
			projectDirPath = "";
			projectRoot = "";
			targets = (
				F319520A2CF5AA0C009F3D77 /* Tracker */,
			);
		};
/* End PBXProject section */

/* Begin PBXResourcesBuildPhase section */
		F31952092CF5AA0C009F3D77 /* Resources */ = {
			isa = PBXResourcesBuildPhase;
			buildActionMask = 2147483647;
			files = (
				F319521B2CF5AA0E009F3D77 /* LaunchScreen.storyboard in Resources */,
				F375D9EB2CF8A04500D19B7F /* SF-Pro.ttf in Resources */,
				F31952182CF5AA0E009F3D77 /* Assets.xcassets in Resources */,
			);
			runOnlyForDeploymentPostprocessing = 0;
		};
/* End PBXResourcesBuildPhase section */

/* Begin PBXSourcesBuildPhase section */
		F31952072CF5AA0C009F3D77 /* Sources */ = {
			isa = PBXSourcesBuildPhase;
			buildActionMask = 2147483647;
			files = (
				F3B0CDD82D1A9E84001F4DD4 /* ColorCollectionViewCell.swift in Sources */,
				F3D3D8F52D3BBAA1007BCD1A /* TrackerCategoriesViewController.swift in Sources */,
				F3DF95022D006B0F0060DD1E /* TrackerCategory.swift in Sources */,
				F31952132CF5AA0C009F3D77 /* SplashViewController.swift in Sources */,
				F3900D9A2D241C5900925786 /* TrackerRecordStore.swift in Sources */,
				F3D2CC692D11A3F500A65920 /* ScheduleViewController.swift in Sources */,
				F375D9E82CF87CBD00D19B7F /* TrackersViewController.swift in Sources */,
				F319520F2CF5AA0C009F3D77 /* AppDelegate.swift in Sources */,
				F38ACA992CFB3CC3009A9753 /* TabBarController.swift in Sources */,
				F399A1952D2F9B5500EDBCBC /* UIColor+Hex.swift in Sources */,
				F3B0CDDA2D1A9E98001F4DD4 /* EmojiCollectionViewCell.swift in Sources */,
				F342D6C12D31052B00572BA7 /* TrackerCoreData+CoreDataProperties.swift in Sources */,
				F3EE84382D3E198B008C2618 /* Binding.swift in Sources */,
				F38EA4252D37BF2E0026A762 /* CoreDataManager.swift in Sources */,
				F3A4443E2D3A3E14005F4C03 /* OnboardingPageViewController.swift in Sources */,
				F342D6C22D31052B00572BA7 /* TrackerCategoryCoreData+CoreDataClass.swift in Sources */,
				F381ED5E2D3532E90074455F /* TrackerRecordCoreData+CoreDataProperties.swift in Sources */,
				F37FA9512D06CC19004EEC83 /* TrackerCollectionViewCell.swift in Sources */,
				F36A489E2D0976C4008DBDD6 /* SupplementaryView.swift in Sources */,
				F342D6C32D31052B00572BA7 /* TrackerCategoryCoreData+CoreDataProperties.swift in Sources */,
				F381ED5D2D3532E90074455F /* TrackerRecordCoreData+CoreDataClass.swift in Sources */,
				F3DF95042D006B5B0060DD1E /* TrackerRecord.swift in Sources */,
				F39FFE882D10551400503140 /* CreateTrackerViewController.swift in Sources */,
				F39C8D2B2D3CFE3500B89486 /* TrackerCategoryTableViewCell.swift in Sources */,
				F342C7082D13148D00F2149C /* ScheduleTableViewCell.swift in Sources */,
				F3A444402D3A3E3E005F4C03 /* OnboardingContentViewController.swift in Sources */,
				F3DF95002D0069F10060DD1E /* Tracker.swift in Sources */,
				F3900D982D241C4C00925786 /* TrackerCategoryStore.swift in Sources */,
				F3900D962D241C3C00925786 /* TrackerStore.swift in Sources */,
				F375D9EE2CF8A0A000D19B7F /* Date+String.swift in Sources */,
				F352C2B32D0F0324003D94F8 /* SelectTrackerTypeViewController.swift in Sources */,
				F342D6C02D31052B00572BA7 /* TrackerCoreData+CoreDataClass.swift in Sources */,
				F341E2BA2D1D28C000472D44 /* WeekDayTransformer.swift in Sources */,
				F3B75D8E2D3BD42700AF52F5 /* EmptyView.swift in Sources */,
				F341E2B72D1D279400472D44 /* Tracker.xcdatamodeld in Sources */,
				F31952112CF5AA0C009F3D77 /* SceneDelegate.swift in Sources */,
				F38ACA9B2CFB3D46009A9753 /* StatisticsViewController.swift in Sources */,
			);
			runOnlyForDeploymentPostprocessing = 0;
		};
/* End PBXSourcesBuildPhase section */

/* Begin PBXVariantGroup section */
		F31952192CF5AA0E009F3D77 /* LaunchScreen.storyboard */ = {
			isa = PBXVariantGroup;
			children = (
				F319521A2CF5AA0E009F3D77 /* Base */,
			);
			name = LaunchScreen.storyboard;
			sourceTree = "<group>";
		};
/* End PBXVariantGroup section */

/* Begin XCBuildConfiguration section */
		F319521D2CF5AA0E009F3D77 /* Debug */ = {
			isa = XCBuildConfiguration;
			buildSettings = {
				ALWAYS_SEARCH_USER_PATHS = NO;
				CLANG_ANALYZER_NONNULL = YES;
				CLANG_ANALYZER_NUMBER_OBJECT_CONVERSION = YES_AGGRESSIVE;
				CLANG_CXX_LANGUAGE_STANDARD = "gnu++20";
				CLANG_ENABLE_MODULES = YES;
				CLANG_ENABLE_OBJC_ARC = YES;
				CLANG_ENABLE_OBJC_WEAK = YES;
				CLANG_WARN_BLOCK_CAPTURE_AUTORELEASING = YES;
				CLANG_WARN_BOOL_CONVERSION = YES;
				CLANG_WARN_COMMA = YES;
				CLANG_WARN_CONSTANT_CONVERSION = YES;
				CLANG_WARN_DEPRECATED_OBJC_IMPLEMENTATIONS = YES;
				CLANG_WARN_DIRECT_OBJC_ISA_USAGE = YES_ERROR;
				CLANG_WARN_DOCUMENTATION_COMMENTS = YES;
				CLANG_WARN_EMPTY_BODY = YES;
				CLANG_WARN_ENUM_CONVERSION = YES;
				CLANG_WARN_INFINITE_RECURSION = YES;
				CLANG_WARN_INT_CONVERSION = YES;
				CLANG_WARN_NON_LITERAL_NULL_CONVERSION = YES;
				CLANG_WARN_OBJC_IMPLICIT_RETAIN_SELF = YES;
				CLANG_WARN_OBJC_LITERAL_CONVERSION = YES;
				CLANG_WARN_OBJC_ROOT_CLASS = YES_ERROR;
				CLANG_WARN_QUOTED_INCLUDE_IN_FRAMEWORK_HEADER = YES;
				CLANG_WARN_RANGE_LOOP_ANALYSIS = YES;
				CLANG_WARN_STRICT_PROTOTYPES = YES;
				CLANG_WARN_SUSPICIOUS_MOVE = YES;
				CLANG_WARN_UNGUARDED_AVAILABILITY = YES_AGGRESSIVE;
				CLANG_WARN_UNREACHABLE_CODE = YES;
				CLANG_WARN__DUPLICATE_METHOD_MATCH = YES;
				COPY_PHASE_STRIP = NO;
				DEBUG_INFORMATION_FORMAT = dwarf;
				ENABLE_STRICT_OBJC_MSGSEND = YES;
				ENABLE_TESTABILITY = YES;
				GCC_C_LANGUAGE_STANDARD = gnu11;
				GCC_DYNAMIC_NO_PIC = NO;
				GCC_NO_COMMON_BLOCKS = YES;
				GCC_OPTIMIZATION_LEVEL = 0;
				GCC_PREPROCESSOR_DEFINITIONS = (
					"DEBUG=1",
					"$(inherited)",
				);
				GCC_WARN_64_TO_32_BIT_CONVERSION = YES;
				GCC_WARN_ABOUT_RETURN_TYPE = YES_ERROR;
				GCC_WARN_UNDECLARED_SELECTOR = YES;
				GCC_WARN_UNINITIALIZED_AUTOS = YES_AGGRESSIVE;
				GCC_WARN_UNUSED_FUNCTION = YES;
				GCC_WARN_UNUSED_VARIABLE = YES;
				IPHONEOS_DEPLOYMENT_TARGET = 13.4;
				MTL_ENABLE_DEBUG_INFO = INCLUDE_SOURCE;
				MTL_FAST_MATH = YES;
				ONLY_ACTIVE_ARCH = YES;
				SDKROOT = iphoneos;
				SWIFT_ACTIVE_COMPILATION_CONDITIONS = DEBUG;
				SWIFT_OPTIMIZATION_LEVEL = "-Onone";
			};
			name = Debug;
		};
		F319521E2CF5AA0E009F3D77 /* Release */ = {
			isa = XCBuildConfiguration;
			buildSettings = {
				ALWAYS_SEARCH_USER_PATHS = NO;
				CLANG_ANALYZER_NONNULL = YES;
				CLANG_ANALYZER_NUMBER_OBJECT_CONVERSION = YES_AGGRESSIVE;
				CLANG_CXX_LANGUAGE_STANDARD = "gnu++20";
				CLANG_ENABLE_MODULES = YES;
				CLANG_ENABLE_OBJC_ARC = YES;
				CLANG_ENABLE_OBJC_WEAK = YES;
				CLANG_WARN_BLOCK_CAPTURE_AUTORELEASING = YES;
				CLANG_WARN_BOOL_CONVERSION = YES;
				CLANG_WARN_COMMA = YES;
				CLANG_WARN_CONSTANT_CONVERSION = YES;
				CLANG_WARN_DEPRECATED_OBJC_IMPLEMENTATIONS = YES;
				CLANG_WARN_DIRECT_OBJC_ISA_USAGE = YES_ERROR;
				CLANG_WARN_DOCUMENTATION_COMMENTS = YES;
				CLANG_WARN_EMPTY_BODY = YES;
				CLANG_WARN_ENUM_CONVERSION = YES;
				CLANG_WARN_INFINITE_RECURSION = YES;
				CLANG_WARN_INT_CONVERSION = YES;
				CLANG_WARN_NON_LITERAL_NULL_CONVERSION = YES;
				CLANG_WARN_OBJC_IMPLICIT_RETAIN_SELF = YES;
				CLANG_WARN_OBJC_LITERAL_CONVERSION = YES;
				CLANG_WARN_OBJC_ROOT_CLASS = YES_ERROR;
				CLANG_WARN_QUOTED_INCLUDE_IN_FRAMEWORK_HEADER = YES;
				CLANG_WARN_RANGE_LOOP_ANALYSIS = YES;
				CLANG_WARN_STRICT_PROTOTYPES = YES;
				CLANG_WARN_SUSPICIOUS_MOVE = YES;
				CLANG_WARN_UNGUARDED_AVAILABILITY = YES_AGGRESSIVE;
				CLANG_WARN_UNREACHABLE_CODE = YES;
				CLANG_WARN__DUPLICATE_METHOD_MATCH = YES;
				COPY_PHASE_STRIP = NO;
				DEBUG_INFORMATION_FORMAT = "dwarf-with-dsym";
				ENABLE_NS_ASSERTIONS = NO;
				ENABLE_STRICT_OBJC_MSGSEND = YES;
				GCC_C_LANGUAGE_STANDARD = gnu11;
				GCC_NO_COMMON_BLOCKS = YES;
				GCC_WARN_64_TO_32_BIT_CONVERSION = YES;
				GCC_WARN_ABOUT_RETURN_TYPE = YES_ERROR;
				GCC_WARN_UNDECLARED_SELECTOR = YES;
				GCC_WARN_UNINITIALIZED_AUTOS = YES_AGGRESSIVE;
				GCC_WARN_UNUSED_FUNCTION = YES;
				GCC_WARN_UNUSED_VARIABLE = YES;
				IPHONEOS_DEPLOYMENT_TARGET = 13.4;
				MTL_ENABLE_DEBUG_INFO = NO;
				MTL_FAST_MATH = YES;
				SDKROOT = iphoneos;
				SWIFT_COMPILATION_MODE = wholemodule;
				SWIFT_OPTIMIZATION_LEVEL = "-O";
				VALIDATE_PRODUCT = YES;
			};
			name = Release;
		};
		F31952202CF5AA0E009F3D77 /* Debug */ = {
			isa = XCBuildConfiguration;
			buildSettings = {
				ASSETCATALOG_COMPILER_APPICON_NAME = AppIcon;
				ASSETCATALOG_COMPILER_GLOBAL_ACCENT_COLOR_NAME = AccentColor;
				CODE_SIGN_STYLE = Automatic;
				CURRENT_PROJECT_VERSION = 1;
				DEVELOPMENT_TEAM = JDHXR3S4SA;
				GENERATE_INFOPLIST_FILE = YES;
				INFOPLIST_FILE = Tracker/Info.plist;
				INFOPLIST_KEY_UIApplicationSupportsIndirectInputEvents = YES;
				INFOPLIST_KEY_UILaunchStoryboardName = LaunchScreen;
				INFOPLIST_KEY_UISupportedInterfaceOrientations = UIInterfaceOrientationPortrait;
				INFOPLIST_KEY_UISupportedInterfaceOrientations_iPad = "UIInterfaceOrientationLandscapeLeft UIInterfaceOrientationLandscapeRight UIInterfaceOrientationPortrait UIInterfaceOrientationPortraitUpsideDown";
				IPHONEOS_DEPLOYMENT_TARGET = 13.4;
				LD_RUNPATH_SEARCH_PATHS = (
					"$(inherited)",
					"@executable_path/Frameworks",
				);
				MARKETING_VERSION = 1.0;
				PRODUCT_BUNDLE_IDENTIFIER = ru.yandex.practicum.Tracker;
				PRODUCT_NAME = "$(TARGET_NAME)";
				SUPPORTED_PLATFORMS = "iphoneos iphonesimulator";
				SUPPORTS_MACCATALYST = NO;
				SUPPORTS_MAC_DESIGNED_FOR_IPHONE_IPAD = NO;
				SWIFT_EMIT_LOC_STRINGS = YES;
				SWIFT_VERSION = 5.0;
				TARGETED_DEVICE_FAMILY = 1;
			};
			name = Debug;
		};
		F31952212CF5AA0E009F3D77 /* Release */ = {
			isa = XCBuildConfiguration;
			buildSettings = {
				ASSETCATALOG_COMPILER_APPICON_NAME = AppIcon;
				ASSETCATALOG_COMPILER_GLOBAL_ACCENT_COLOR_NAME = AccentColor;
				CODE_SIGN_STYLE = Automatic;
				CURRENT_PROJECT_VERSION = 1;
				DEVELOPMENT_TEAM = JDHXR3S4SA;
				GENERATE_INFOPLIST_FILE = YES;
				INFOPLIST_FILE = Tracker/Info.plist;
				INFOPLIST_KEY_UIApplicationSupportsIndirectInputEvents = YES;
				INFOPLIST_KEY_UILaunchStoryboardName = LaunchScreen;
				INFOPLIST_KEY_UISupportedInterfaceOrientations = UIInterfaceOrientationPortrait;
				INFOPLIST_KEY_UISupportedInterfaceOrientations_iPad = "UIInterfaceOrientationLandscapeLeft UIInterfaceOrientationLandscapeRight UIInterfaceOrientationPortrait UIInterfaceOrientationPortraitUpsideDown";
				IPHONEOS_DEPLOYMENT_TARGET = 13.4;
				LD_RUNPATH_SEARCH_PATHS = (
					"$(inherited)",
					"@executable_path/Frameworks",
				);
				MARKETING_VERSION = 1.0;
				PRODUCT_BUNDLE_IDENTIFIER = ru.yandex.practicum.Tracker;
				PRODUCT_NAME = "$(TARGET_NAME)";
				SUPPORTED_PLATFORMS = "iphoneos iphonesimulator";
				SUPPORTS_MACCATALYST = NO;
				SUPPORTS_MAC_DESIGNED_FOR_IPHONE_IPAD = NO;
				SWIFT_EMIT_LOC_STRINGS = YES;
				SWIFT_VERSION = 5.0;
				TARGETED_DEVICE_FAMILY = 1;
			};
			name = Release;
		};
/* End XCBuildConfiguration section */

/* Begin XCConfigurationList section */
		F31952062CF5AA0C009F3D77 /* Build configuration list for PBXProject "Tracker" */ = {
			isa = XCConfigurationList;
			buildConfigurations = (
				F319521D2CF5AA0E009F3D77 /* Debug */,
				F319521E2CF5AA0E009F3D77 /* Release */,
			);
			defaultConfigurationIsVisible = 0;
			defaultConfigurationName = Release;
		};
		F319521F2CF5AA0E009F3D77 /* Build configuration list for PBXNativeTarget "Tracker" */ = {
			isa = XCConfigurationList;
			buildConfigurations = (
				F31952202CF5AA0E009F3D77 /* Debug */,
				F31952212CF5AA0E009F3D77 /* Release */,
			);
			defaultConfigurationIsVisible = 0;
			defaultConfigurationName = Release;
		};
/* End XCConfigurationList section */

/* Begin XCVersionGroup section */
		F341E2B52D1D279400472D44 /* Tracker.xcdatamodeld */ = {
			isa = XCVersionGroup;
			children = (
				F341E2B62D1D279400472D44 /* Tracker.xcdatamodel */,
			);
			currentVersion = F341E2B62D1D279400472D44 /* Tracker.xcdatamodel */;
			path = Tracker.xcdatamodeld;
			sourceTree = "<group>";
			versionGroupType = wrapper.xcdatamodel;
		};
/* End XCVersionGroup section */
	};
	rootObject = F31952032CF5AA0C009F3D77 /* Project object */;
}
